
Microsoft Visual Studio Solution File, Format Version 12.00
# Visual Studio Version 17
VisualStudioVersion = 17.1.32319.34
MinimumVisualStudioVersion = 10.0.40219.1
Project("{FAE04EC0-301F-11D3-BF4B-00C04F79EFBC}") = "Task management system", "Task management system\Task management system.csproj", "{691444F1-8C0F-460E-96F4-ABC51E84E1C8}"
EndProject
Global
	GlobalSection(SolutionConfigurationPlatforms) = preSolution
		Debug|Any CPU = Debug|Any CPU
		Release|Any CPU = Release|Any CPU
	EndGlobalSection
	GlobalSection(ProjectConfigurationPlatforms) = postSolution
		{691444F1-8C0F-460E-96F4-ABC51E84E1C8}.Debug|Any CPU.ActiveCfg = Debug|Any CPU
		{691444F1-8C0F-460E-96F4-ABC51E84E1C8}.Debug|Any CPU.Build.0 = Debug|Any CPU
		{691444F1-8C0F-460E-96F4-ABC51E84E1C8}.Release|Any CPU.ActiveCfg = Release|Any CPU
		{691444F1-8C0F-460E-96F4-ABC51E84E1C8}.Release|Any CPU.Build.0 = Release|Any CPU
	EndGlobalSection
	GlobalSection(SolutionProperties) = preSolution
		HideSolutionNode = FALSE
	EndGlobalSection
	GlobalSection(ExtensibilityGlobals) = postSolution
		SolutionGuid = {A9A5B0F3-3D14-4178-A2D7-FC156E6AD41B}
	EndGlobalSection
EndGlobal
