
Microsoft Visual Studio Solution File, Format Version 12.00
# Visual Studio Version 17
VisualStudioVersion = 17.1.32319.34
MinimumVisualStudioVersion = 10.0.40219.1
Project("{9A19103F-16F7-4668-BE54-9A1E7A4F7556}") = "TaskManagementSystem.BusinessLogicLayer", "TaskManagementSystem.BusinessLogicLayer\TaskManagementSystem.BusinessLogicLayer.csproj", "{DB2031AF-78F6-477A-A168-C74BAEEFBAA0}"
EndProject
Project("{9A19103F-16F7-4668-BE54-9A1E7A4F7556}") = "TaskManagementSystem.DataAccessLayer", "TaskManagementSystem.DataAccessLayer\TaskManagementSystem.DataAccessLayer.csproj", "{37AC755D-CFF8-4600-B14E-99DED607B542}"
EndProject
Project("{9A19103F-16F7-4668-BE54-9A1E7A4F7556}") = "TaskManagementSystem.PresentationLayer", "TaskManagementSystem.PresentationLayer\TaskManagementSystem.PresentationLayer.csproj", "{86F20708-700E-40D9-9E8F-B74F29AAAC6B}"
EndProject
Global
	GlobalSection(SolutionConfigurationPlatforms) = preSolution
		Debug|Any CPU = Debug|Any CPU
		Release|Any CPU = Release|Any CPU
	EndGlobalSection
	GlobalSection(ProjectConfigurationPlatforms) = postSolution
		{DB2031AF-78F6-477A-A168-C74BAEEFBAA0}.Debug|Any CPU.ActiveCfg = Debug|Any CPU
		{DB2031AF-78F6-477A-A168-C74BAEEFBAA0}.Debug|Any CPU.Build.0 = Debug|Any CPU
		{DB2031AF-78F6-477A-A168-C74BAEEFBAA0}.Release|Any CPU.ActiveCfg = Release|Any CPU
		{DB2031AF-78F6-477A-A168-C74BAEEFBAA0}.Release|Any CPU.Build.0 = Release|Any CPU
		{37AC755D-CFF8-4600-B14E-99DED607B542}.Debug|Any CPU.ActiveCfg = Debug|Any CPU
		{37AC755D-CFF8-4600-B14E-99DED607B542}.Debug|Any CPU.Build.0 = Debug|Any CPU
		{37AC755D-CFF8-4600-B14E-99DED607B542}.Release|Any CPU.ActiveCfg = Release|Any CPU
		{37AC755D-CFF8-4600-B14E-99DED607B542}.Release|Any CPU.Build.0 = Release|Any CPU
		{86F20708-700E-40D9-9E8F-B74F29AAAC6B}.Debug|Any CPU.ActiveCfg = Debug|Any CPU
		{86F20708-700E-40D9-9E8F-B74F29AAAC6B}.Debug|Any CPU.Build.0 = Debug|Any CPU
		{86F20708-700E-40D9-9E8F-B74F29AAAC6B}.Release|Any CPU.ActiveCfg = Release|Any CPU
		{86F20708-700E-40D9-9E8F-B74F29AAAC6B}.Release|Any CPU.Build.0 = Release|Any CPU
	EndGlobalSection
	GlobalSection(SolutionProperties) = preSolution
		HideSolutionNode = FALSE
	EndGlobalSection
	GlobalSection(ExtensibilityGlobals) = postSolution
		SolutionGuid = {A9A5B0F3-3D14-4178-A2D7-FC156E6AD41B}
	EndGlobalSection
EndGlobal
